Microsoft Visual Studio Solution File, Format Version 11.00
# Visual Studio 2008

Project("{BF7A9C00-102C-2965-2412-C7BE0C431F0D}") = "myUnityCode", "Assembly-CSharp.csproj", "{6433D118-6645-6ABC-5D68-86CBBE6D4C3B}"
EndProject
Global
	GlobalSection(SolutionConfigurationPlatforms) = preSolution
		Debug|Any CPU = Debug|Any CPU
		Release|Any CPU = Release|Any CPU
	EndGlobalSection
	GlobalSection(ProjectConfigurationPlatforms) = postSolution
		{6433D118-6645-6ABC-5D68-86CBBE6D4C3B}.Debug|Any CPU.ActiveCfg = Debug|Any CPU
		{6433D118-6645-6ABC-5D68-86CBBE6D4C3B}.Debug|Any CPU.Build.0 = Debug|Any CPU
		{6433D118-6645-6ABC-5D68-86CBBE6D4C3B}.Release|Any CPU.ActiveCfg = Release|Any CPU
		{6433D118-6645-6ABC-5D68-86CBBE6D4C3B}.Release|Any CPU.Build.0 = Release|Any CPU
	EndGlobalSection
	GlobalSection(SolutionProperties) = preSolution
		HideSolutionNode = FALSE
	EndGlobalSection
	GlobalSection(MonoDevelopProperties) = preSolution
		StartupItem = Assembly-CSharp.csproj
	EndGlobalSection
EndGlobal
