
Microsoft Visual Studio Solution File, Format Version 12.00
# Visual Studio 15
Project("{FAE04EC0-301F-11D3-BF4B-00C04F79EFBC}") = "myUnityCode", "Assembly-CSharp.csproj", "{6433D118-6645-6ABC-5D68-86CBBE6D4C3B}"
EndProject
Project("{FAE04EC0-301F-11D3-BF4B-00C04F79EFBC}") = "myUnityCode", "Unity.Postprocessing.Runtime.csproj", "{EAA6AE6A-B26D-8852-7D3F-FE39898A5920}"
EndProject
Project("{FAE04EC0-301F-11D3-BF4B-00C04F79EFBC}") = "myUnityCode", "Assembly-CSharp-Editor.csproj", "{5D72A0DF-9C24-0D14-59DF-127F9D88797B}"
EndProject
Project("{FAE04EC0-301F-11D3-BF4B-00C04F79EFBC}") = "myUnityCode", "Unity.Postprocessing.Editor.csproj", "{CC964235-6FC3-D66A-737B-827B5D34C589}"
EndProject
Global
	GlobalSection(SolutionConfigurationPlatforms) = preSolution
		Debug|Any CPU = Debug|Any CPU
		Release|Any CPU = Release|Any CPU
	EndGlobalSection
	GlobalSection(ProjectConfigurationPlatforms) = postSolution
		{6433D118-6645-6ABC-5D68-86CBBE6D4C3B}.Debug|Any CPU.ActiveCfg = Debug|Any CPU
		{6433D118-6645-6ABC-5D68-86CBBE6D4C3B}.Debug|Any CPU.Build.0 = Debug|Any CPU
		{6433D118-6645-6ABC-5D68-86CBBE6D4C3B}.Release|Any CPU.ActiveCfg = Release|Any CPU
		{6433D118-6645-6ABC-5D68-86CBBE6D4C3B}.Release|Any CPU.Build.0 = Release|Any CPU
		{EAA6AE6A-B26D-8852-7D3F-FE39898A5920}.Debug|Any CPU.ActiveCfg = Debug|Any CPU
		{EAA6AE6A-B26D-8852-7D3F-FE39898A5920}.Debug|Any CPU.Build.0 = Debug|Any CPU
		{EAA6AE6A-B26D-8852-7D3F-FE39898A5920}.Release|Any CPU.ActiveCfg = Release|Any CPU
		{EAA6AE6A-B26D-8852-7D3F-FE39898A5920}.Release|Any CPU.Build.0 = Release|Any CPU
		{5D72A0DF-9C24-0D14-59DF-127F9D88797B}.Debug|Any CPU.ActiveCfg = Debug|Any CPU
		{5D72A0DF-9C24-0D14-59DF-127F9D88797B}.Debug|Any CPU.Build.0 = Debug|Any CPU
		{5D72A0DF-9C24-0D14-59DF-127F9D88797B}.Release|Any CPU.ActiveCfg = Release|Any CPU
		{5D72A0DF-9C24-0D14-59DF-127F9D88797B}.Release|Any CPU.Build.0 = Release|Any CPU
		{CC964235-6FC3-D66A-737B-827B5D34C589}.Debug|Any CPU.ActiveCfg = Debug|Any CPU
		{CC964235-6FC3-D66A-737B-827B5D34C589}.Debug|Any CPU.Build.0 = Debug|Any CPU
		{CC964235-6FC3-D66A-737B-827B5D34C589}.Release|Any CPU.ActiveCfg = Release|Any CPU
		{CC964235-6FC3-D66A-737B-827B5D34C589}.Release|Any CPU.Build.0 = Release|Any CPU
	EndGlobalSection
	GlobalSection(SolutionProperties) = preSolution
		HideSolutionNode = FALSE
	EndGlobalSection
EndGlobal
